
Microsoft Visual Studio Solution File, Format Version 12.00
# Visual Studio Version 17
VisualStudioVersion = 17.6.33815.320
MinimumVisualStudioVersion = 10.0.40219.1
Project("{8BC9CEB8-8B4A-11D0-8D11-00A0C91BC942}") = "Project6", "Project6.vcxproj", "{B482F479-C96A-4F81-A643-619C15CAF43C}"
EndProject
Global
	GlobalSection(SolutionConfigurationPlatforms) = preSolution
		Debug|x64 = Debug|x64
		Debug|x86 = Debug|x86
		Release|x64 = Release|x64
		Release|x86 = Release|x86
	EndGlobalSection
	GlobalSection(ProjectConfigurationPlatforms) = postSolution
		{B482F479-C96A-4F81-A643-619C15CAF43C}.Debug|x64.ActiveCfg = Debug|x64
		{B482F479-C96A-4F81-A643-619C15CAF43C}.Debug|x64.Build.0 = Debug|x64
		{B482F479-C96A-4F81-A643-619C15CAF43C}.Debug|x86.ActiveCfg = Debug|Win32
		{B482F479-C96A-4F81-A643-619C15CAF43C}.Debug|x86.Build.0 = Debug|Win32
		{B482F479-C96A-4F81-A643-619C15CAF43C}.Release|x64.ActiveCfg = Release|x64
		{B482F479-C96A-4F81-A643-619C15CAF43C}.Release|x64.Build.0 = Release|x64
		{B482F479-C96A-4F81-A643-619C15CAF43C}.Release|x86.ActiveCfg = Release|Win32
		{B482F479-C96A-4F81-A643-619C15CAF43C}.Release|x86.Build.0 = Release|Win32
	EndGlobalSection
	GlobalSection(SolutionProperties) = preSolution
		HideSolutionNode = FALSE
	EndGlobalSection
	GlobalSection(ExtensibilityGlobals) = postSolution
		SolutionGuid = {6244123B-D4DB-4B08-86CF-DCA759A2FF5A}
	EndGlobalSection
EndGlobal
